{
  "originHash" : "502eb10d73a6b926313b03e2f5ee600740279bf167d417dbf65e8f7471592af8",
  "pins" : [
    {
      "identity" : "yandexmapsmobile",
      "kind" : "remoteSourceControl",
      "location" : "https://github.com/c-villain/YandexMapsMobile",
      "state" : {
        "revision" : "5e260a68209f8ef6de3b9f676c53df118667e475",
        "version" : "4.6.1"
      }
    }
  ],
  "version" : 3
}
